// !$*UTF8*$!
{
	archiveVersion = 1;
	classes = {
	};
	objectVersion = 56;
	objects = {

/* Begin PBXBuildFile section */
		42E503522B8513F8005AC5AD /* AppDelegate.swift in Sources */ = {isa = PBXBuildFile; fileRef = 42E503512B8513F8005AC5AD /* AppDelegate.swift */; };
		42E503542B8513F8005AC5AD /* SceneDelegate.swift in Sources */ = {isa = PBXBuildFile; fileRef = 42E503532B8513F8005AC5AD /* SceneDelegate.swift */; };
		42E503562B8513F8005AC5AD /* ViewController.swift in Sources */ = {isa = PBXBuildFile; fileRef = 42E503552B8513F8005AC5AD /* ViewController.swift */; };
		42E503592B8513F8005AC5AD /* Main.storyboard in Resources */ = {isa = PBXBuildFile; fileRef = 42E503572B8513F8005AC5AD /* Main.storyboard */; };
		42E5035B2B8513F9005AC5AD /* Assets.xcassets in Resources */ = {isa = PBXBuildFile; fileRef = 42E5035A2B8513F9005AC5AD /* Assets.xcassets */; };
		42E5035E2B8513F9005AC5AD /* LaunchScreen.storyboard in Resources */ = {isa = PBXBuildFile; fileRef = 42E5035C2B8513F9005AC5AD /* LaunchScreen.storyboard */; };
		42E503692B8513F9005AC5AD /* LISTAPPDEMOTests.swift in Sources */ = {isa = PBXBuildFile; fileRef = 42E503682B8513F9005AC5AD /* LISTAPPDEMOTests.swift */; };
		42E503732B8513F9005AC5AD /* LISTAPPDEMOUITests.swift in Sources */ = {isa = PBXBuildFile; fileRef = 42E503722B8513F9005AC5AD /* LISTAPPDEMOUITests.swift */; };
		42E503752B8513F9005AC5AD /* LISTAPPDEMOUITestsLaunchTests.swift in Sources */ = {isa = PBXBuildFile; fileRef = 42E503742B8513F9005AC5AD /* LISTAPPDEMOUITestsLaunchTests.swift */; };
		42E503842B851A7D005AC5AD /* listapp.swift in Sources */ = {isa = PBXBuildFile; fileRef = 42E503832B851A7D005AC5AD /* listapp.swift */; };
/* End PBXBuildFile section */

/* Begin PBXContainerItemProxy section */
		42E503652B8513F9005AC5AD /* PBXContainerItemProxy */ = {
			isa = PBXContainerItemProxy;
			containerPortal = 42E503462B8513F8005AC5AD /* Project object */;
			proxyType = 1;
			remoteGlobalIDString = 42E5034D2B8513F8005AC5AD;
			remoteInfo = LISTAPPDEMO;
		};
		42E5036F2B8513F9005AC5AD /* PBXContainerItemProxy */ = {
			isa = PBXContainerItemProxy;
			containerPortal = 42E503462B8513F8005AC5AD /* Project object */;
			proxyType = 1;
			remoteGlobalIDString = 42E5034D2B8513F8005AC5AD;
			remoteInfo = LISTAPPDEMO;
		};
/* End PBXContainerItemProxy section */

/* Begin PBXFileReference section */
		42E5034E2B8513F8005AC5AD /* LISTAPPDEMO.app */ = {isa = PBXFileReference; explicitFileType = wrapper.application; includeInIndex = 0; path = LISTAPPDEMO.app; sourceTree = BUILT_PRODUCTS_DIR; };
		42E503512B8513F8005AC5AD /* AppDelegate.swift */ = {isa = PBXFileReference; lastKnownFileType = sourcecode.swift; path = AppDelegate.swift; sourceTree = "<group>"; };
		42E503532B8513F8005AC5AD /* SceneDelegate.swift */ = {isa = PBXFileReference; lastKnownFileType = sourcecode.swift; path = SceneDelegate.swift; sourceTree = "<group>"; };
		42E503552B8513F8005AC5AD /* ViewController.swift */ = {isa = PBXFileReference; lastKnownFileType = sourcecode.swift; path = ViewController.swift; sourceTree = "<group>"; };
		42E503582B8513F8005AC5AD /* Base */ = {isa = PBXFileReference; lastKnownFileType = file.storyboard; name = Base; path = Base.lproj/Main.storyboard; sourceTree = "<group>"; };
		42E5035A2B8513F9005AC5AD /* Assets.xcassets */ = {isa = PBXFileReference; lastKnownFileType = folder.assetcatalog; path = Assets.xcassets; sourceTree = "<group>"; };
		42E5035D2B8513F9005AC5AD /* Base */ = {isa = PBXFileReference; lastKnownFileType = file.storyboard; name = Base; path = Base.lproj/LaunchScreen.storyboard; sourceTree = "<group>"; };
		42E5035F2B8513F9005AC5AD /* Info.plist */ = {isa = PBXFileReference; lastKnownFileType = text.plist.xml; path = Info.plist; sourceTree = "<group>"; };
		42E503642B8513F9005AC5AD /* LISTAPPDEMOTests.xctest */ = {isa = PBXFileReference; explicitFileType = wrapper.cfbundle; includeInIndex = 0; path = LISTAPPDEMOTests.xctest; sourceTree = BUILT_PRODUCTS_DIR; };
		42E503682B8513F9005AC5AD /* LISTAPPDEMOTests.swift */ = {isa = PBXFileReference; lastKnownFileType = sourcecode.swift; path = LISTAPPDEMOTests.swift; sourceTree = "<group>"; };
		42E5036E2B8513F9005AC5AD /* LISTAPPDEMOUITests.xctest */ = {isa = PBXFileReference; explicitFileType = wrapper.cfbundle; includeInIndex = 0; path = LISTAPPDEMOUITests.xctest; sourceTree = BUILT_PRODUCTS_DIR; };
		42E503722B8513F9005AC5AD /* LISTAPPDEMOUITests.swift */ = {isa = PBXFileReference; lastKnownFileType = sourcecode.swift; path = LISTAPPDEMOUITests.swift; sourceTree = "<group>"; };
		42E503742B8513F9005AC5AD /* LISTAPPDEMOUITestsLaunchTests.swift */ = {isa = PBXFileReference; lastKnownFileType = sourcecode.swift; path = LISTAPPDEMOUITestsLaunchTests.swift; sourceTree = "<group>"; };
		42E503832B851A7D005AC5AD /* listapp.swift */ = {isa = PBXFileReference; lastKnownFileType = sourcecode.swift; path = listapp.swift; sourceTree = SOURCE_ROOT; };
/* End PBXFileReference section */

/* Begin PBXFrameworksBuildPhase section */
		42E5034B2B8513F8005AC5AD /* Frameworks */ = {
			isa = PBXFrameworksBuildPhase;
			buildActionMask = 2147483647;
			files = (
			);
			runOnlyForDeploymentPostprocessing = 0;
		};
		42E503612B8513F9005AC5AD /* Frameworks */ = {
			isa = PBXFrameworksBuildPhase;
			buildActionMask = 2147483647;
			files = (
			);
			runOnlyForDeploymentPostprocessing = 0;
		};
		42E5036B2B8513F9005AC5AD /* Frameworks */ = {
			isa = PBXFrameworksBuildPhase;
			buildActionMask = 2147483647;
			files = (
			);
			runOnlyForDeploymentPostprocessing = 0;
		};
/* End PBXFrameworksBuildPhase section */

/* Begin PBXGroup section */
		42E503452B8513F8005AC5AD = {
			isa = PBXGroup;
			children = (
				42E503502B8513F8005AC5AD /* LISTAPPDEMO */,
				42E503672B8513F9005AC5AD /* LISTAPPDEMOTests */,
				42E503712B8513F9005AC5AD /* LISTAPPDEMOUITests */,
				42E5034F2B8513F8005AC5AD /* Products */,
			);
			sourceTree = "<group>";
		};
		42E5034F2B8513F8005AC5AD /* Products */ = {
			isa = PBXGroup;
			children = (
				42E5034E2B8513F8005AC5AD /* LISTAPPDEMO.app */,
				42E503642B8513F9005AC5AD /* LISTAPPDEMOTests.xctest */,
				42E5036E2B8513F9005AC5AD /* LISTAPPDEMOUITests.xctest */,
			);
			name = Products;
			sourceTree = "<group>";
		};
		42E503502B8513F8005AC5AD /* LISTAPPDEMO */ = {
			isa = PBXGroup;
			children = (
				42E503512B8513F8005AC5AD /* AppDelegate.swift */,
				42E503532B8513F8005AC5AD /* SceneDelegate.swift */,
				42E503552B8513F8005AC5AD /* ViewController.swift */,
				42E503572B8513F8005AC5AD /* Main.storyboard */,
				42E503832B851A7D005AC5AD /* listapp.swift */,
				42E5035A2B8513F9005AC5AD /* Assets.xcassets */,
				42E5035C2B8513F9005AC5AD /* LaunchScreen.storyboard */,
				42E5035F2B8513F9005AC5AD /* Info.plist */,
			);
			path = LISTAPPDEMO;
			sourceTree = "<group>";
		};
		42E503672B8513F9005AC5AD /* LISTAPPDEMOTests */ = {
			isa = PBXGroup;
			children = (
				42E503682B8513F9005AC5AD /* LISTAPPDEMOTests.swift */,
			);
			path = LISTAPPDEMOTests;
			sourceTree = "<group>";
		};
		42E503712B8513F9005AC5AD /* LISTAPPDEMOUITests */ = {
			isa = PBXGroup;
			children = (
				42E503722B8513F9005AC5AD /* LISTAPPDEMOUITests.swift */,
				42E503742B8513F9005AC5AD /* LISTAPPDEMOUITestsLaunchTests.swift */,
			);
			path = LISTAPPDEMOUITests;
			sourceTree = "<group>";
		};
/* End PBXGroup section */

/* Begin PBXNativeTarget section */
		42E5034D2B8513F8005AC5AD /* LISTAPPDEMO */ = {
			isa = PBXNativeTarget;
			buildConfigurationList = 42E503782B8513F9005AC5AD /* Build configuration list for PBXNativeTarget "LISTAPPDEMO" */;
			buildPhases = (
				42E5034A2B8513F8005AC5AD /* Sources */,
				42E5034B2B8513F8005AC5AD /* Frameworks */,
				42E5034C2B8513F8005AC5AD /* Resources */,
			);
			buildRules = (
			);
			dependencies = (
			);
			name = LISTAPPDEMO;
			productName = LISTAPPDEMO;
			productReference = 42E5034E2B8513F8005AC5AD /* LISTAPPDEMO.app */;
			productType = "com.apple.product-type.application";
		};
		42E503632B8513F9005AC5AD /* LISTAPPDEMOTests */ = {
			isa = PBXNativeTarget;
			buildConfigurationList = 42E5037B2B8513F9005AC5AD /* Build configuration list for PBXNativeTarget "LISTAPPDEMOTests" */;
			buildPhases = (
				42E503602B8513F9005AC5AD /* Sources */,
				42E503612B8513F9005AC5AD /* Frameworks */,
				42E503622B8513F9005AC5AD /* Resources */,
			);
			buildRules = (
			);
			dependencies = (
				42E503662B8513F9005AC5AD /* PBXTargetDependency */,
			);
			name = LISTAPPDEMOTests;
			productName = LISTAPPDEMOTests;
			productReference = 42E503642B8513F9005AC5AD /* LISTAPPDEMOTests.xctest */;
			productType = "com.apple.product-type.bundle.unit-test";
		};
		42E5036D2B8513F9005AC5AD /* LISTAPPDEMOUITests */ = {
			isa = PBXNativeTarget;
			buildConfigurationList = 42E5037E2B8513F9005AC5AD /* Build configuration list for PBXNativeTarget "LISTAPPDEMOUITests" */;
			buildPhases = (
				42E5036A2B8513F9005AC5AD /* Sources */,
				42E5036B2B8513F9005AC5AD /* Frameworks */,
				42E5036C2B8513F9005AC5AD /* Resources */,
			);
			buildRules = (
			);
			dependencies = (
				42E503702B8513F9005AC5AD /* PBXTargetDependency */,
			);
			name = LISTAPPDEMOUITests;
			productName = LISTAPPDEMOUITests;
			productReference = 42E5036E2B8513F9005AC5AD /* LISTAPPDEMOUITests.xctest */;
			productType = "com.apple.product-type.bundle.ui-testing";
		};
/* End PBXNativeTarget section */

/* Begin PBXProject section */
		42E503462B8513F8005AC5AD /* Project object */ = {
			isa = PBXProject;
			attributes = {
				BuildIndependentTargetsInParallel = 1;
				LastSwiftUpdateCheck = 1520;
				LastUpgradeCheck = 1520;
				TargetAttributes = {
					42E5034D2B8513F8005AC5AD = {
						CreatedOnToolsVersion = 15.2;
					};
					42E503632B8513F9005AC5AD = {
						CreatedOnToolsVersion = 15.2;
						TestTargetID = 42E5034D2B8513F8005AC5AD;
					};
					42E5036D2B8513F9005AC5AD = {
						CreatedOnToolsVersion = 15.2;
						TestTargetID = 42E5034D2B8513F8005AC5AD;
					};
				};
			};
			buildConfigurationList = 42E503492B8513F8005AC5AD /* Build configuration list for PBXProject "LISTAPPDEMO" */;
			compatibilityVersion = "Xcode 14.0";
			developmentRegion = en;
			hasScannedForEncodings = 0;
			knownRegions = (
				en,
				Base,
			);
			mainGroup = 42E503452B8513F8005AC5AD;
			productRefGroup = 42E5034F2B8513F8005AC5AD /* Products */;
			projectDirPath = "";
			projectRoot = "";
			targets = (
				42E5034D2B8513F8005AC5AD /* LISTAPPDEMO */,
				42E503632B8513F9005AC5AD /* LISTAPPDEMOTests */,
				42E5036D2B8513F9005AC5AD /* LISTAPPDEMOUITests */,
			);
		};
/* End PBXProject section */

/* Begin PBXResourcesBuildPhase section */
		42E5034C2B8513F8005AC5AD /* Resources */ = {
			isa = PBXResourcesBuildPhase;
			buildActionMask = 2147483647;
			files = (
				42E5035E2B8513F9005AC5AD /* LaunchScreen.storyboard in Resources */,
				42E5035B2B8513F9005AC5AD /* Assets.xcassets in Resources */,
				42E503592B8513F8005AC5AD /* Main.storyboard in Resources */,
			);
			runOnlyForDeploymentPostprocessing = 0;
		};
		42E503622B8513F9005AC5AD /* Resources */ = {
			isa = PBXResourcesBuildPhase;
			buildActionMask = 2147483647;
			files = (
			);
			runOnlyForDeploymentPostprocessing = 0;
		};
		42E5036C2B8513F9005AC5AD /* Resources */ = {
			isa = PBXResourcesBuildPhase;
			buildActionMask = 2147483647;
			files = (
			);
			runOnlyForDeploymentPostprocessing = 0;
		};
/* End PBXResourcesBuildPhase section */

/* Begin PBXSourcesBuildPhase section */
		42E5034A2B8513F8005AC5AD /* Sources */ = {
			isa = PBXSourcesBuildPhase;
			buildActionMask = 2147483647;
			files = (
				42E503562B8513F8005AC5AD /* ViewController.swift in Sources */,
				42E503842B851A7D005AC5AD /* listapp.swift in Sources */,
				42E503522B8513F8005AC5AD /* AppDelegate.swift in Sources */,
				42E503542B8513F8005AC5AD /* SceneDelegate.swift in Sources */,
			);
			runOnlyForDeploymentPostprocessing = 0;
		};
		42E503602B8513F9005AC5AD /* Sources */ = {
			isa = PBXSourcesBuildPhase;
			buildActionMask = 2147483647;
			files = (
				42E503692B8513F9005AC5AD /* LISTAPPDEMOTests.swift in Sources */,
			);
			runOnlyForDeploymentPostprocessing = 0;
		};
		42E5036A2B8513F9005AC5AD /* Sources */ = {
			isa = PBXSourcesBuildPhase;
			buildActionMask = 2147483647;
			files = (
				42E503732B8513F9005AC5AD /* LISTAPPDEMOUITests.swift in Sources */,
				42E503752B8513F9005AC5AD /* LISTAPPDEMOUITestsLaunchTests.swift in Sources */,
			);
			runOnlyForDeploymentPostprocessing = 0;
		};
/* End PBXSourcesBuildPhase section */

/* Begin PBXTargetDependency section */
		42E503662B8513F9005AC5AD /* PBXTargetDependency */ = {
			isa = PBXTargetDependency;
			target = 42E5034D2B8513F8005AC5AD /* LISTAPPDEMO */;
			targetProxy = 42E503652B8513F9005AC5AD /* PBXContainerItemProxy */;
		};
		42E503702B8513F9005AC5AD /* PBXTargetDependency */ = {
			isa = PBXTargetDependency;
			target = 42E5034D2B8513F8005AC5AD /* LISTAPPDEMO */;
			targetProxy = 42E5036F2B8513F9005AC5AD /* PBXContainerItemProxy */;
		};
/* End PBXTargetDependency section */

/* Begin PBXVariantGroup section */
		42E503572B8513F8005AC5AD /* Main.storyboard */ = {
			isa = PBXVariantGroup;
			children = (
				42E503582B8513F8005AC5AD /* Base */,
			);
			name = Main.storyboard;
			sourceTree = "<group>";
		};
		42E5035C2B8513F9005AC5AD /* LaunchScreen.storyboard */ = {
			isa = PBXVariantGroup;
			children = (
				42E5035D2B8513F9005AC5AD /* Base */,
			);
			name = LaunchScreen.storyboard;
			sourceTree = "<group>";
		};
/* End PBXVariantGroup section */

/* Begin XCBuildConfiguration section */
		42E503762B8513F9005AC5AD /* Debug */ = {
			isa = XCBuildConfiguration;
			buildSettings = {
				ALWAYS_SEARCH_USER_PATHS = NO;
				ASSETCATALOG_COMPILER_GENERATE_SWIFT_ASSET_SYMBOL_EXTENSIONS = YES;
				CLANG_ANALYZER_NONNULL = YES;
				CLANG_ANALYZER_NUMBER_OBJECT_CONVERSION = YES_AGGRESSIVE;
				CLANG_CXX_LANGUAGE_STANDARD = "gnu++20";
				CLANG_ENABLE_MODULES = YES;
				CLANG_ENABLE_OBJC_ARC = YES;
				CLANG_ENABLE_OBJC_WEAK = YES;
				CLANG_WARN_BLOCK_CAPTURE_AUTORELEASING = YES;
				CLANG_WARN_BOOL_CONVERSION = YES;
				CLANG_WARN_COMMA = YES;
				CLANG_WARN_CONSTANT_CONVERSION = YES;
				CLANG_WARN_DEPRECATED_OBJC_IMPLEMENTATIONS = YES;
				CLANG_WARN_DIRECT_OBJC_ISA_USAGE = YES_ERROR;
				CLANG_WARN_DOCUMENTATION_COMMENTS = YES;
				CLANG_WARN_EMPTY_BODY = YES;
				CLANG_WARN_ENUM_CONVERSION = YES;
				CLANG_WARN_INFINITE_RECURSION = YES;
				CLANG_WARN_INT_CONVERSION = YES;
				CLANG_WARN_NON_LITERAL_NULL_CONVERSION = YES;
				CLANG_WARN_OBJC_IMPLICIT_RETAIN_SELF = YES;
				CLANG_WARN_OBJC_LITERAL_CONVERSION = YES;
				CLANG_WARN_OBJC_ROOT_CLASS = YES_ERROR;
				CLANG_WARN_QUOTED_INCLUDE_IN_FRAMEWORK_HEADER = YES;
				CLANG_WARN_RANGE_LOOP_ANALYSIS = YES;
				CLANG_WARN_STRICT_PROTOTYPES = YES;
				CLANG_WARN_SUSPICIOUS_MOVE = YES;
				CLANG_WARN_UNGUARDED_AVAILABILITY = YES_AGGRESSIVE;
				CLANG_WARN_UNREACHABLE_CODE = YES;
				CLANG_WARN__DUPLICATE_METHOD_MATCH = YES;
				COPY_PHASE_STRIP = NO;
				DEBUG_INFORMATION_FORMAT = dwarf;
				ENABLE_STRICT_OBJC_MSGSEND = YES;
				ENABLE_TESTABILITY = YES;
				ENABLE_USER_SCRIPT_SANDBOXING = YES;
				GCC_C_LANGUAGE_STANDARD = gnu17;
				GCC_DYNAMIC_NO_PIC = NO;
				GCC_NO_COMMON_BLOCKS = YES;
				GCC_OPTIMIZATION_LEVEL = 0;
				GCC_PREPROCESSOR_DEFINITIONS = (
					"DEBUG=1",
					"$(inherited)",
				);
				GCC_WARN_64_TO_32_BIT_CONVERSION = YES;
				GCC_WARN_ABOUT_RETURN_TYPE = YES_ERROR;
				GCC_WARN_UNDECLARED_SELECTOR = YES;
				GCC_WARN_UNINITIALIZED_AUTOS = YES_AGGRESSIVE;
				GCC_WARN_UNUSED_FUNCTION = YES;
				GCC_WARN_UNUSED_VARIABLE = YES;
				IPHONEOS_DEPLOYMENT_TARGET = 17.2;
				LOCALIZATION_PREFERS_STRING_CATALOGS = YES;
				MTL_ENABLE_DEBUG_INFO = INCLUDE_SOURCE;
				MTL_FAST_MATH = YES;
				ONLY_ACTIVE_ARCH = YES;
				SDKROOT = iphoneos;
				SWIFT_ACTIVE_COMPILATION_CONDITIONS = "DEBUG $(inherited)";
				SWIFT_OPTIMIZATION_LEVEL = "-Onone";
			};
			name = Debug;
		};
		42E503772B8513F9005AC5AD /* Release */ = {
			isa = XCBuildConfiguration;
			buildSettings = {
				ALWAYS_SEARCH_USER_PATHS = NO;
				ASSETCATALOG_COMPILER_GENERATE_SWIFT_ASSET_SYMBOL_EXTENSIONS = YES;
				CLANG_ANALYZER_NONNULL = YES;
				CLANG_ANALYZER_NUMBER_OBJECT_CONVERSION = YES_AGGRESSIVE;
				CLANG_CXX_LANGUAGE_STANDARD = "gnu++20";
				CLANG_ENABLE_MODULES = YES;
				CLANG_ENABLE_OBJC_ARC = YES;
				CLANG_ENABLE_OBJC_WEAK = YES;
				CLANG_WARN_BLOCK_CAPTURE_AUTORELEASING = YES;
				CLANG_WARN_BOOL_CONVERSION = YES;
				CLANG_WARN_COMMA = YES;
				CLANG_WARN_CONSTANT_CONVERSION = YES;
				CLANG_WARN_DEPRECATED_OBJC_IMPLEMENTATIONS = YES;
				CLANG_WARN_DIRECT_OBJC_ISA_USAGE = YES_ERROR;
				CLANG_WARN_DOCUMENTATION_COMMENTS = YES;
				CLANG_WARN_EMPTY_BODY = YES;
				CLANG_WARN_ENUM_CONVERSION = YES;
				CLANG_WARN_INFINITE_RECURSION = YES;
				CLANG_WARN_INT_CONVERSION = YES;
				CLANG_WARN_NON_LITERAL_NULL_CONVERSION = YES;
				CLANG_WARN_OBJC_IMPLICIT_RETAIN_SELF = YES;
				CLANG_WARN_OBJC_LITERAL_CONVERSION = YES;
				CLANG_WARN_OBJC_ROOT_CLASS = YES_ERROR;
				CLANG_WARN_QUOTED_INCLUDE_IN_FRAMEWORK_HEADER = YES;
				CLANG_WARN_RANGE_LOOP_ANALYSIS = YES;
				CLANG_WARN_STRICT_PROTOTYPES = YES;
				CLANG_WARN_SUSPICIOUS_MOVE = YES;
				CLANG_WARN_UNGUARDED_AVAILABILITY = YES_AGGRESSIVE;
				CLANG_WARN_UNREACHABLE_CODE = YES;
				CLANG_WARN__DUPLICATE_METHOD_MATCH = YES;
				COPY_PHASE_STRIP = NO;
				DEBUG_INFORMATION_FORMAT = "dwarf-with-dsym";
				ENABLE_NS_ASSERTIONS = NO;
				ENABLE_STRICT_OBJC_MSGSEND = YES;
				ENABLE_USER_SCRIPT_SANDBOXING = YES;
				GCC_C_LANGUAGE_STANDARD = gnu17;
				GCC_NO_COMMON_BLOCKS = YES;
				GCC_WARN_64_TO_32_BIT_CONVERSION = YES;
				GCC_WARN_ABOUT_RETURN_TYPE = YES_ERROR;
				GCC_WARN_UNDECLARED_SELECTOR = YES;
				GCC_WARN_UNINITIALIZED_AUTOS = YES_AGGRESSIVE;
				GCC_WARN_UNUSED_FUNCTION = YES;
				GCC_WARN_UNUSED_VARIABLE = YES;
				IPHONEOS_DEPLOYMENT_TARGET = 17.2;
				LOCALIZATION_PREFERS_STRING_CATALOGS = YES;
				MTL_ENABLE_DEBUG_INFO = NO;
				MTL_FAST_MATH = YES;
				SDKROOT = iphoneos;
				SWIFT_COMPILATION_MODE = wholemodule;
				VALIDATE_PRODUCT = YES;
			};
			name = Release;
		};
		42E503792B8513F9005AC5AD /* Debug */ = {
			isa = XCBuildConfiguration;
			buildSettings = {
				ASSETCATALOG_COMPILER_APPICON_NAME = AppIcon;
				ASSETCATALOG_COMPILER_GLOBAL_ACCENT_COLOR_NAME = AccentColor;
				CODE_SIGN_STYLE = Automatic;
				CURRENT_PROJECT_VERSION = 1;
				GENERATE_INFOPLIST_FILE = YES;
				INFOPLIST_FILE = LISTAPPDEMO/Info.plist;
				INFOPLIST_KEY_UIApplicationSupportsIndirectInputEvents = YES;
				INFOPLIST_KEY_UILaunchStoryboardName = LaunchScreen;
				INFOPLIST_KEY_UIMainStoryboardFile = Main;
				INFOPLIST_KEY_UISupportedInterfaceOrientations_iPad = "UIInterfaceOrientationPortrait UIInterfaceOrientationPortraitUpsideDown UIInterfaceOrientationLandscapeLeft UIInterfaceOrientationLandscapeRight";
				INFOPLIST_KEY_UISupportedInterfaceOrientations_iPhone = "UIInterfaceOrientationPortrait UIInterfaceOrientationLandscapeLeft UIInterfaceOrientationLandscapeRight";
				LD_RUNPATH_SEARCH_PATHS = (
					"$(inherited)",
					"@executable_path/Frameworks",
				);
				MARKETING_VERSION = 1.0;
				PRODUCT_BUNDLE_IDENTIFIER = edu.nwmissouri.spring24.cs643.sec04.LISTAPPDEMO;
				PRODUCT_NAME = "$(TARGET_NAME)";
				SWIFT_EMIT_LOC_STRINGS = YES;
				SWIFT_VERSION = 5.0;
				TARGETED_DEVICE_FAMILY = "1,2";
			};
			name = Debug;
		};
		42E5037A2B8513F9005AC5AD /* Release */ = {
			isa = XCBuildConfiguration;
			buildSettings = {
				ASSETCATALOG_COMPILER_APPICON_NAME = AppIcon;
				ASSETCATALOG_COMPILER_GLOBAL_ACCENT_COLOR_NAME = AccentColor;
				CODE_SIGN_STYLE = Automatic;
				CURRENT_PROJECT_VERSION = 1;
				GENERATE_INFOPLIST_FILE = YES;
				INFOPLIST_FILE = LISTAPPDEMO/Info.plist;
				INFOPLIST_KEY_UIApplicationSupportsIndirectInputEvents = YES;
				INFOPLIST_KEY_UILaunchStoryboardName = LaunchScreen;
				INFOPLIST_KEY_UIMainStoryboardFile = Main;
				INFOPLIST_KEY_UISupportedInterfaceOrientations_iPad = "UIInterfaceOrientationPortrait UIInterfaceOrientationPortraitUpsideDown UIInterfaceOrientationLandscapeLeft UIInterfaceOrientationLandscapeRight";
				INFOPLIST_KEY_UISupportedInterfaceOrientations_iPhone = "UIInterfaceOrientationPortrait UIInterfaceOrientationLandscapeLeft UIInterfaceOrientationLandscapeRight";
				LD_RUNPATH_SEARCH_PATHS = (
					"$(inherited)",
					"@executable_path/Frameworks",
				);
				MARKETING_VERSION = 1.0;
				PRODUCT_BUNDLE_IDENTIFIER = edu.nwmissouri.spring24.cs643.sec04.LISTAPPDEMO;
				PRODUCT_NAME = "$(TARGET_NAME)";
				SWIFT_EMIT_LOC_STRINGS = YES;
				SWIFT_VERSION = 5.0;
				TARGETED_DEVICE_FAMILY = "1,2";
			};
			name = Release;
		};
		42E5037C2B8513F9005AC5AD /* Debug */ = {
			isa = XCBuildConfiguration;
			buildSettings = {
				ALWAYS_EMBED_SWIFT_STANDARD_LIBRARIES = YES;
				BUNDLE_LOADER = "$(TEST_HOST)";
				CODE_SIGN_STYLE = Automatic;
				CURRENT_PROJECT_VERSION = 1;
				GENERATE_INFOPLIST_FILE = YES;
				IPHONEOS_DEPLOYMENT_TARGET = 17.2;
				MARKETING_VERSION = 1.0;
				PRODUCT_BUNDLE_IDENTIFIER = edu.nwmissouri.spring24.cs643.sec04.LISTAPPDEMOTests;
				PRODUCT_NAME = "$(TARGET_NAME)";
				SWIFT_EMIT_LOC_STRINGS = NO;
				SWIFT_VERSION = 5.0;
				TARGETED_DEVICE_FAMILY = "1,2";
				TEST_HOST = "$(BUILT_PRODUCTS_DIR)/LISTAPPDEMO.app/$(BUNDLE_EXECUTABLE_FOLDER_PATH)/LISTAPPDEMO";
			};
			name = Debug;
		};
		42E5037D2B8513F9005AC5AD /* Release */ = {
			isa = XCBuildConfiguration;
			buildSettings = {
				ALWAYS_EMBED_SWIFT_STANDARD_LIBRARIES = YES;
				BUNDLE_LOADER = "$(TEST_HOST)";
				CODE_SIGN_STYLE = Automatic;
				CURRENT_PROJECT_VERSION = 1;
				GENERATE_INFOPLIST_FILE = YES;
				IPHONEOS_DEPLOYMENT_TARGET = 17.2;
				MARKETING_VERSION = 1.0;
				PRODUCT_BUNDLE_IDENTIFIER = edu.nwmissouri.spring24.cs643.sec04.LISTAPPDEMOTests;
				PRODUCT_NAME = "$(TARGET_NAME)";
				SWIFT_EMIT_LOC_STRINGS = NO;
				SWIFT_VERSION = 5.0;
				TARGETED_DEVICE_FAMILY = "1,2";
				TEST_HOST = "$(BUILT_PRODUCTS_DIR)/LISTAPPDEMO.app/$(BUNDLE_EXECUTABLE_FOLDER_PATH)/LISTAPPDEMO";
			};
			name = Release;
		};
		42E5037F2B8513F9005AC5AD /* Debug */ = {
			isa = XCBuildConfiguration;
			buildSettings = {
				ALWAYS_EMBED_SWIFT_STANDARD_LIBRARIES = YES;
				CODE_SIGN_STYLE = Automatic;
				CURRENT_PROJECT_VERSION = 1;
				GENERATE_INFOPLIST_FILE = YES;
				MARKETING_VERSION = 1.0;
				PRODUCT_BUNDLE_IDENTIFIER = edu.nwmissouri.spring24.cs643.sec04.LISTAPPDEMOUITests;
				PRODUCT_NAME = "$(TARGET_NAME)";
				SWIFT_EMIT_LOC_STRINGS = NO;
				SWIFT_VERSION = 5.0;
				TARGETED_DEVICE_FAMILY = "1,2";
				TEST_TARGET_NAME = LISTAPPDEMO;
			};
			name = Debug;
		};
		42E503802B8513F9005AC5AD /* Release */ = {
			isa = XCBuildConfiguration;
			buildSettings = {
				ALWAYS_EMBED_SWIFT_STANDARD_LIBRARIES = YES;
				CODE_SIGN_STYLE = Automatic;
				CURRENT_PROJECT_VERSION = 1;
				GENERATE_INFOPLIST_FILE = YES;
				MARKETING_VERSION = 1.0;
				PRODUCT_BUNDLE_IDENTIFIER = edu.nwmissouri.spring24.cs643.sec04.LISTAPPDEMOUITests;
				PRODUCT_NAME = "$(TARGET_NAME)";
				SWIFT_EMIT_LOC_STRINGS = NO;
				SWIFT_VERSION = 5.0;
				TARGETED_DEVICE_FAMILY = "1,2";
				TEST_TARGET_NAME = LISTAPPDEMO;
			};
			name = Release;
		};
/* End XCBuildConfiguration section */

/* Begin XCConfigurationList section */
		42E503492B8513F8005AC5AD /* Build configuration list for PBXProject "LISTAPPDEMO" */ = {
			isa = XCConfigurationList;
			buildConfigurations = (
				42E503762B8513F9005AC5AD /* Debug */,
				42E503772B8513F9005AC5AD /* Release */,
			);
			defaultConfigurationIsVisible = 0;
			defaultConfigurationName = Release;
		};
		42E503782B8513F9005AC5AD /* Build configuration list for PBXNativeTarget "LISTAPPDEMO" */ = {
			isa = XCConfigurationList;
			buildConfigurations = (
				42E503792B8513F9005AC5AD /* Debug */,
				42E5037A2B8513F9005AC5AD /* Release */,
			);
			defaultConfigurationIsVisible = 0;
			defaultConfigurationName = Release;
		};
		42E5037B2B8513F9005AC5AD /* Build configuration list for PBXNativeTarget "LISTAPPDEMOTests" */ = {
			isa = XCConfigurationList;
			buildConfigurations = (
				42E5037C2B8513F9005AC5AD /* Debug */,
				42E5037D2B8513F9005AC5AD /* Release */,
			);
			defaultConfigurationIsVisible = 0;
			defaultConfigurationName = Release;
		};
		42E5037E2B8513F9005AC5AD /* Build configuration list for PBXNativeTarget "LISTAPPDEMOUITests" */ = {
			isa = XCConfigurationList;
			buildConfigurations = (
				42E5037F2B8513F9005AC5AD /* Debug */,
				42E503802B8513F9005AC5AD /* Release */,
			);
			defaultConfigurationIsVisible = 0;
			defaultConfigurationName = Release;
		};
/* End XCConfigurationList section */
	};
	rootObject = 42E503462B8513F8005AC5AD /* Project object */;
}
